// !$*UTF8*$!
{
	archiveVersion = 1;
	classes = {
	};
	objectVersion = 50;
	objects = {

/* Begin PBXBuildFile section */
		59914ED3232BA802001B0420 /* AppDelegate.swift in Sources */ = {isa = PBXBuildFile; fileRef = 59914ED2232BA802001B0420 /* AppDelegate.swift */; };
		59914ED5232BA802001B0420 /* ViewController.swift in Sources */ = {isa = PBXBuildFile; fileRef = 59914ED4232BA802001B0420 /* ViewController.swift */; };
		59914ED8232BA802001B0420 /* Main.storyboard in Resources */ = {isa = PBXBuildFile; fileRef = 59914ED6232BA802001B0420 /* Main.storyboard */; };
		59914EDA232BA803001B0420 /* Assets.xcassets in Resources */ = {isa = PBXBuildFile; fileRef = 59914ED9232BA803001B0420 /* Assets.xcassets */; };
		59914EDD232BA803001B0420 /* LaunchScreen.storyboard in Resources */ = {isa = PBXBuildFile; fileRef = 59914EDB232BA803001B0420 /* LaunchScreen.storyboard */; };
		59914EE8232BA803001B0420 /* MentorBookTests.swift in Sources */ = {isa = PBXBuildFile; fileRef = 59914EE7232BA803001B0420 /* MentorBookTests.swift */; };
		59914EF3232BA803001B0420 /* MentorBookUITests.swift in Sources */ = {isa = PBXBuildFile; fileRef = 59914EF2232BA803001B0420 /* MentorBookUITests.swift */; };
/* End PBXBuildFile section */

/* Begin PBXContainerItemProxy section */
		59914EE4232BA803001B0420 /* PBXContainerItemProxy */ = {
			isa = PBXContainerItemProxy;
			containerPortal = 59914EC7232BA802001B0420 /* Project object */;
			proxyType = 1;
			remoteGlobalIDString = 59914ECE232BA802001B0420;
			remoteInfo = MentorBook;
		};
		59914EEF232BA803001B0420 /* PBXContainerItemProxy */ = {
			isa = PBXContainerItemProxy;
			containerPortal = 59914EC7232BA802001B0420 /* Project object */;
			proxyType = 1;
			remoteGlobalIDString = 59914ECE232BA802001B0420;
			remoteInfo = MentorBook;
		};
/* End PBXContainerItemProxy section */

/* Begin PBXFileReference section */
		59914ECF232BA802001B0420 /* MentorBook.app */ = {isa = PBXFileReference; explicitFileType = wrapper.application; includeInIndex = 0; path = MentorBook.app; sourceTree = BUILT_PRODUCTS_DIR; };
		59914ED2232BA802001B0420 /* AppDelegate.swift */ = {isa = PBXFileReference; lastKnownFileType = sourcecode.swift; path = AppDelegate.swift; sourceTree = "<group>"; };
		59914ED4232BA802001B0420 /* ViewController.swift */ = {isa = PBXFileReference; lastKnownFileType = sourcecode.swift; path = ViewController.swift; sourceTree = "<group>"; };
		59914ED7232BA802001B0420 /* Base */ = {isa = PBXFileReference; lastKnownFileType = file.storyboard; name = Base; path = Base.lproj/Main.storyboard; sourceTree = "<group>"; };
		59914ED9232BA803001B0420 /* Assets.xcassets */ = {isa = PBXFileReference; lastKnownFileType = folder.assetcatalog; path = Assets.xcassets; sourceTree = "<group>"; };
		59914EDC232BA803001B0420 /* Base */ = {isa = PBXFileReference; lastKnownFileType = file.storyboard; name = Base; path = Base.lproj/LaunchScreen.storyboard; sourceTree = "<group>"; };
		59914EDE232BA803001B0420 /* Info.plist */ = {isa = PBXFileReference; lastKnownFileType = text.plist.xml; path = Info.plist; sourceTree = "<group>"; };
		59914EE3232BA803001B0420 /* MentorBookTests.xctest */ = {isa = PBXFileReference; explicitFileType = wrapper.cfbundle; includeInIndex = 0; path = MentorBookTests.xctest; sourceTree = BUILT_PRODUCTS_DIR; };
		59914EE7232BA803001B0420 /* MentorBookTests.swift */ = {isa = PBXFileReference; lastKnownFileType = sourcecode.swift; path = MentorBookTests.swift; sourceTree = "<group>"; };
		59914EE9232BA803001B0420 /* Info.plist */ = {isa = PBXFileReference; lastKnownFileType = text.plist.xml; path = Info.plist; sourceTree = "<group>"; };
		59914EEE232BA803001B0420 /* MentorBookUITests.xctest */ = {isa = PBXFileReference; explicitFileType = wrapper.cfbundle; includeInIndex = 0; path = MentorBookUITests.xctest; sourceTree = BUILT_PRODUCTS_DIR; };
		59914EF2232BA803001B0420 /* MentorBookUITests.swift */ = {isa = PBXFileReference; lastKnownFileType = sourcecode.swift; path = MentorBookUITests.swift; sourceTree = "<group>"; };
		59914EF4232BA803001B0420 /* Info.plist */ = {isa = PBXFileReference; lastKnownFileType = text.plist.xml; path = Info.plist; sourceTree = "<group>"; };
/* End PBXFileReference section */

/* Begin PBXFrameworksBuildPhase section */
		59914ECC232BA802001B0420 /* Frameworks */ = {
			isa = PBXFrameworksBuildPhase;
			buildActionMask = 2147483647;
			files = (
			);
			runOnlyForDeploymentPostprocessing = 0;
		};
		59914EE0232BA803001B0420 /* Frameworks */ = {
			isa = PBXFrameworksBuildPhase;
			buildActionMask = 2147483647;
			files = (
			);
			runOnlyForDeploymentPostprocessing = 0;
		};
		59914EEB232BA803001B0420 /* Frameworks */ = {
			isa = PBXFrameworksBuildPhase;
			buildActionMask = 2147483647;
			files = (
			);
			runOnlyForDeploymentPostprocessing = 0;
		};
/* End PBXFrameworksBuildPhase section */

/* Begin PBXGroup section */
		59914EC6232BA802001B0420 = {
			isa = PBXGroup;
			children = (
				59914ED1232BA802001B0420 /* MentorBook */,
				59914EE6232BA803001B0420 /* MentorBookTests */,
				59914EF1232BA803001B0420 /* MentorBookUITests */,
				59914ED0232BA802001B0420 /* Products */,
			);
			sourceTree = "<group>";
		};
		59914ED0232BA802001B0420 /* Products */ = {
			isa = PBXGroup;
			children = (
				59914ECF232BA802001B0420 /* MentorBook.app */,
				59914EE3232BA803001B0420 /* MentorBookTests.xctest */,
				59914EEE232BA803001B0420 /* MentorBookUITests.xctest */,
			);
			name = Products;
			sourceTree = "<group>";
		};
		59914ED1232BA802001B0420 /* MentorBook */ = {
			isa = PBXGroup;
			children = (
				59914ED2232BA802001B0420 /* AppDelegate.swift */,
				59914ED4232BA802001B0420 /* ViewController.swift */,
				59914ED6232BA802001B0420 /* Main.storyboard */,
				59914ED9232BA803001B0420 /* Assets.xcassets */,
				59914EDB232BA803001B0420 /* LaunchScreen.storyboard */,
				59914EDE232BA803001B0420 /* Info.plist */,
			);
			path = MentorBook;
			sourceTree = "<group>";
		};
		59914EE6232BA803001B0420 /* MentorBookTests */ = {
			isa = PBXGroup;
			children = (
				59914EE7232BA803001B0420 /* MentorBookTests.swift */,
				59914EE9232BA803001B0420 /* Info.plist */,
			);
			path = MentorBookTests;
			sourceTree = "<group>";
		};
		59914EF1232BA803001B0420 /* MentorBookUITests */ = {
			isa = PBXGroup;
			children = (
				59914EF2232BA803001B0420 /* MentorBookUITests.swift */,
				59914EF4232BA803001B0420 /* Info.plist */,
			);
			path = MentorBookUITests;
			sourceTree = "<group>";
		};
/* End PBXGroup section */

/* Begin PBXNativeTarget section */
		59914ECE232BA802001B0420 /* MentorBook */ = {
			isa = PBXNativeTarget;
			buildConfigurationList = 59914EF7232BA803001B0420 /* Build configuration list for PBXNativeTarget "MentorBook" */;
			buildPhases = (
				59914ECB232BA802001B0420 /* Sources */,
				59914ECC232BA802001B0420 /* Frameworks */,
				59914ECD232BA802001B0420 /* Resources */,
			);
			buildRules = (
			);
			dependencies = (
			);
			name = MentorBook;
			productName = MentorBook;
			productReference = 59914ECF232BA802001B0420 /* MentorBook.app */;
			productType = "com.apple.product-type.application";
		};
		59914EE2232BA803001B0420 /* MentorBookTests */ = {
			isa = PBXNativeTarget;
			buildConfigurationList = 59914EFA232BA803001B0420 /* Build configuration list for PBXNativeTarget "MentorBookTests" */;
			buildPhases = (
				59914EDF232BA803001B0420 /* Sources */,
				59914EE0232BA803001B0420 /* Frameworks */,
				59914EE1232BA803001B0420 /* Resources */,
			);
			buildRules = (
			);
			dependencies = (
				59914EE5232BA803001B0420 /* PBXTargetDependency */,
			);
			name = MentorBookTests;
			productName = MentorBookTests;
			productReference = 59914EE3232BA803001B0420 /* MentorBookTests.xctest */;
			productType = "com.apple.product-type.bundle.unit-test";
		};
		59914EED232BA803001B0420 /* MentorBookUITests */ = {
			isa = PBXNativeTarget;
			buildConfigurationList = 59914EFD232BA803001B0420 /* Build configuration list for PBXNativeTarget "MentorBookUITests" */;
			buildPhases = (
				59914EEA232BA803001B0420 /* Sources */,
				59914EEB232BA803001B0420 /* Frameworks */,
				59914EEC232BA803001B0420 /* Resources */,
			);
			buildRules = (
			);
			dependencies = (
				59914EF0232BA803001B0420 /* PBXTargetDependency */,
			);
			name = MentorBookUITests;
			productName = MentorBookUITests;
			productReference = 59914EEE232BA803001B0420 /* MentorBookUITests.xctest */;
			productType = "com.apple.product-type.bundle.ui-testing";
		};
/* End PBXNativeTarget section */

/* Begin PBXProject section */
		59914EC7232BA802001B0420 /* Project object */ = {
			isa = PBXProject;
			attributes = {
				LastSwiftUpdateCheck = 1030;
				LastUpgradeCheck = 1030;
				ORGANIZATIONNAME = "笠原未来";
				TargetAttributes = {
					59914ECE232BA802001B0420 = {
						CreatedOnToolsVersion = 10.3;
					};
					59914EE2232BA803001B0420 = {
						CreatedOnToolsVersion = 10.3;
						TestTargetID = 59914ECE232BA802001B0420;
					};
					59914EED232BA803001B0420 = {
						CreatedOnToolsVersion = 10.3;
						TestTargetID = 59914ECE232BA802001B0420;
					};
				};
			};
			buildConfigurationList = 59914ECA232BA802001B0420 /* Build configuration list for PBXProject "MentorBook" */;
			compatibilityVersion = "Xcode 9.3";
			developmentRegion = en;
			hasScannedForEncodings = 0;
			knownRegions = (
				en,
				Base,
			);
			mainGroup = 59914EC6232BA802001B0420;
			productRefGroup = 59914ED0232BA802001B0420 /* Products */;
			projectDirPath = "";
			projectRoot = "";
			targets = (
				59914ECE232BA802001B0420 /* MentorBook */,
				59914EE2232BA803001B0420 /* MentorBookTests */,
				59914EED232BA803001B0420 /* MentorBookUITests */,
			);
		};
/* End PBXProject section */

/* Begin PBXResourcesBuildPhase section */
		59914ECD232BA802001B0420 /* Resources */ = {
			isa = PBXResourcesBuildPhase;
			buildActionMask = 2147483647;
			files = (
				59914EDD232BA803001B0420 /* LaunchScreen.storyboard in Resources */,
				59914EDA232BA803001B0420 /* Assets.xcassets in Resources */,
				59914ED8232BA802001B0420 /* Main.storyboard in Resources */,
			);
			runOnlyForDeploymentPostprocessing = 0;
		};
		59914EE1232BA803001B0420 /* Resources */ = {
			isa = PBXResourcesBuildPhase;
			buildActionMask = 2147483647;
			files = (
			);
			runOnlyForDeploymentPostprocessing = 0;
		};
		59914EEC232BA803001B0420 /* Resources */ = {
			isa = PBXResourcesBuildPhase;
			buildActionMask = 2147483647;
			files = (
			);
			runOnlyForDeploymentPostprocessing = 0;
		};
/* End PBXResourcesBuildPhase section */

/* Begin PBXSourcesBuildPhase section */
		59914ECB232BA802001B0420 /* Sources */ = {
			isa = PBXSourcesBuildPhase;
			buildActionMask = 2147483647;
			files = (
				59914ED5232BA802001B0420 /* ViewController.swift in Sources */,
				59914ED3232BA802001B0420 /* AppDelegate.swift in Sources */,
			);
			runOnlyForDeploymentPostprocessing = 0;
		};
		59914EDF232BA803001B0420 /* Sources */ = {
			isa = PBXSourcesBuildPhase;
			buildActionMask = 2147483647;
			files = (
				59914EE8232BA803001B0420 /* MentorBookTests.swift in Sources */,
			);
			runOnlyForDeploymentPostprocessing = 0;
		};
		59914EEA232BA803001B0420 /* Sources */ = {
			isa = PBXSourcesBuildPhase;
			buildActionMask = 2147483647;
			files = (
				59914EF3232BA803001B0420 /* MentorBookUITests.swift in Sources */,
			);
			runOnlyForDeploymentPostprocessing = 0;
		};
/* End PBXSourcesBuildPhase section */

/* Begin PBXTargetDependency section */
		59914EE5232BA803001B0420 /* PBXTargetDependency */ = {
			isa = PBXTargetDependency;
			target = 59914ECE232BA802001B0420 /* MentorBook */;
			targetProxy = 59914EE4232BA803001B0420 /* PBXContainerItemProxy */;
		};
		59914EF0232BA803001B0420 /* PBXTargetDependency */ = {
			isa = PBXTargetDependency;
			target = 59914ECE232BA802001B0420 /* MentorBook */;
			targetProxy = 59914EEF232BA803001B0420 /* PBXContainerItemProxy */;
		};
/* End PBXTargetDependency section */

/* Begin PBXVariantGroup section */
		59914ED6232BA802001B0420 /* Main.storyboard */ = {
			isa = PBXVariantGroup;
			children = (
				59914ED7232BA802001B0420 /* Base */,
			);
			name = Main.storyboard;
			sourceTree = "<group>";
		};
		59914EDB232BA803001B0420 /* LaunchScreen.storyboard */ = {
			isa = PBXVariantGroup;
			children = (
				59914EDC232BA803001B0420 /* Base */,
			);
			name = LaunchScreen.storyboard;
			sourceTree = "<group>";
		};
/* End PBXVariantGroup section */

/* Begin XCBuildConfiguration section */
		59914EF5232BA803001B0420 /* Debug */ = {
			isa = XCBuildConfiguration;
			buildSettings = {
				ALWAYS_SEARCH_USER_PATHS = NO;
				CLANG_ANALYZER_NONNULL = YES;
				CLANG_ANALYZER_NUMBER_OBJECT_CONVERSION = YES_AGGRESSIVE;
				CLANG_CXX_LANGUAGE_STANDARD = "gnu++14";
				CLANG_CXX_LIBRARY = "libc++";
				CLANG_ENABLE_MODULES = YES;
				CLANG_ENABLE_OBJC_ARC = YES;
				CLANG_ENABLE_OBJC_WEAK = YES;
				CLANG_WARN_BLOCK_CAPTURE_AUTORELEASING = YES;
				CLANG_WARN_BOOL_CONVERSION = YES;
				CLANG_WARN_COMMA = YES;
				CLANG_WARN_CONSTANT_CONVERSION = YES;
				CLANG_WARN_DEPRECATED_OBJC_IMPLEMENTATIONS = YES;
				CLANG_WARN_DIRECT_OBJC_ISA_USAGE = YES_ERROR;
				CLANG_WARN_DOCUMENTATION_COMMENTS = YES;
				CLANG_WARN_EMPTY_BODY = YES;
				CLANG_WARN_ENUM_CONVERSION = YES;
				CLANG_WARN_INFINITE_RECURSION = YES;
				CLANG_WARN_INT_CONVERSION = YES;
				CLANG_WARN_NON_LITERAL_NULL_CONVERSION = YES;
				CLANG_WARN_OBJC_IMPLICIT_RETAIN_SELF = YES;
				CLANG_WARN_OBJC_LITERAL_CONVERSION = YES;
				CLANG_WARN_OBJC_ROOT_CLASS = YES_ERROR;
				CLANG_WARN_RANGE_LOOP_ANALYSIS = YES;
				CLANG_WARN_STRICT_PROTOTYPES = YES;
				CLANG_WARN_SUSPICIOUS_MOVE = YES;
				CLANG_WARN_UNGUARDED_AVAILABILITY = YES_AGGRESSIVE;
				CLANG_WARN_UNREACHABLE_CODE = YES;
				CLANG_WARN__DUPLICATE_METHOD_MATCH = YES;
				CODE_SIGN_IDENTITY = "iPhone Developer";
				COPY_PHASE_STRIP = NO;
				DEBUG_INFORMATION_FORMAT = dwarf;
				ENABLE_STRICT_OBJC_MSGSEND = YES;
				ENABLE_TESTABILITY = YES;
				GCC_C_LANGUAGE_STANDARD = gnu11;
				GCC_DYNAMIC_NO_PIC = NO;
				GCC_NO_COMMON_BLOCKS = YES;
				GCC_OPTIMIZATION_LEVEL = 0;
				GCC_PREPROCESSOR_DEFINITIONS = (
					"DEBUG=1",
					"$(inherited)",
				);
				GCC_WARN_64_TO_32_BIT_CONVERSION = YES;
				GCC_WARN_ABOUT_RETURN_TYPE = YES_ERROR;
				GCC_WARN_UNDECLARED_SELECTOR = YES;
				GCC_WARN_UNINITIALIZED_AUTOS = YES_AGGRESSIVE;
				GCC_WARN_UNUSED_FUNCTION = YES;
				GCC_WARN_UNUSED_VARIABLE = YES;
				IPHONEOS_DEPLOYMENT_TARGET = 12.4;
				MTL_ENABLE_DEBUG_INFO = INCLUDE_SOURCE;
				MTL_FAST_MATH = YES;
				ONLY_ACTIVE_ARCH = YES;
				SDKROOT = iphoneos;
				SWIFT_ACTIVE_COMPILATION_CONDITIONS = DEBUG;
				SWIFT_OPTIMIZATION_LEVEL = "-Onone";
			};
			name = Debug;
		};
		59914EF6232BA803001B0420 /* Release */ = {
			isa = XCBuildConfiguration;
			buildSettings = {
				ALWAYS_SEARCH_USER_PATHS = NO;
				CLANG_ANALYZER_NONNULL = YES;
				CLANG_ANALYZER_NUMBER_OBJECT_CONVERSION = YES_AGGRESSIVE;
				CLANG_CXX_LANGUAGE_STANDARD = "gnu++14";
				CLANG_CXX_LIBRARY = "libc++";
				CLANG_ENABLE_MODULES = YES;
				CLANG_ENABLE_OBJC_ARC = YES;
				CLANG_ENABLE_OBJC_WEAK = YES;
				CLANG_WARN_BLOCK_CAPTURE_AUTORELEASING = YES;
				CLANG_WARN_BOOL_CONVERSION = YES;
				CLANG_WARN_COMMA = YES;
				CLANG_WARN_CONSTANT_CONVERSION = YES;
				CLANG_WARN_DEPRECATED_OBJC_IMPLEMENTATIONS = YES;
				CLANG_WARN_DIRECT_OBJC_ISA_USAGE = YES_ERROR;
				CLANG_WARN_DOCUMENTATION_COMMENTS = YES;
				CLANG_WARN_EMPTY_BODY = YES;
				CLANG_WARN_ENUM_CONVERSION = YES;
				CLANG_WARN_INFINITE_RECURSION = YES;
				CLANG_WARN_INT_CONVERSION = YES;
				CLANG_WARN_NON_LITERAL_NULL_CONVERSION = YES;
				CLANG_WARN_OBJC_IMPLICIT_RETAIN_SELF = YES;
				CLANG_WARN_OBJC_LITERAL_CONVERSION = YES;
				CLANG_WARN_OBJC_ROOT_CLASS = YES_ERROR;
				CLANG_WARN_RANGE_LOOP_ANALYSIS = YES;
				CLANG_WARN_STRICT_PROTOTYPES = YES;
				CLANG_WARN_SUSPICIOUS_MOVE = YES;
				CLANG_WARN_UNGUARDED_AVAILABILITY = YES_AGGRESSIVE;
				CLANG_WARN_UNREACHABLE_CODE = YES;
				CLANG_WARN__DUPLICATE_METHOD_MATCH = YES;
				CODE_SIGN_IDENTITY = "iPhone Developer";
				COPY_PHASE_STRIP = NO;
				DEBUG_INFORMATION_FORMAT = "dwarf-with-dsym";
				ENABLE_NS_ASSERTIONS = NO;
				ENABLE_STRICT_OBJC_MSGSEND = YES;
				GCC_C_LANGUAGE_STANDARD = gnu11;
				GCC_NO_COMMON_BLOCKS = YES;
				GCC_WARN_64_TO_32_BIT_CONVERSION = YES;
				GCC_WARN_ABOUT_RETURN_TYPE = YES_ERROR;
				GCC_WARN_UNDECLARED_SELECTOR = YES;
				GCC_WARN_UNINITIALIZED_AUTOS = YES_AGGRESSIVE;
				GCC_WARN_UNUSED_FUNCTION = YES;
				GCC_WARN_UNUSED_VARIABLE = YES;
				IPHONEOS_DEPLOYMENT_TARGET = 12.4;
				MTL_ENABLE_DEBUG_INFO = NO;
				MTL_FAST_MATH = YES;
				SDKROOT = iphoneos;
				SWIFT_COMPILATION_MODE = wholemodule;
				SWIFT_OPTIMIZATION_LEVEL = "-O";
				VALIDATE_PRODUCT = YES;
			};
			name = Release;
		};
		59914EF8232BA803001B0420 /* Debug */ = {
			isa = XCBuildConfiguration;
			buildSettings = {
				ASSETCATALOG_COMPILER_APPICON_NAME = AppIcon;
				CODE_SIGN_STYLE = Automatic;
				DEVELOPMENT_TEAM = FQ44R4777H;
				INFOPLIST_FILE = MentorBook/Info.plist;
				LD_RUNPATH_SEARCH_PATHS = (
					"$(inherited)",
					"@executable_path/Frameworks",
				);
				PRODUCT_BUNDLE_IDENTIFIER = com.mikukasahara.MentorBook;
				PRODUCT_NAME = "$(TARGET_NAME)";
				SWIFT_VERSION = 5.0;
				TARGETED_DEVICE_FAMILY = "1,2";
			};
			name = Debug;
		};
		59914EF9232BA803001B0420 /* Release */ = {
			isa = XCBuildConfiguration;
			buildSettings = {
				ASSETCATALOG_COMPILER_APPICON_NAME = AppIcon;
				CODE_SIGN_STYLE = Automatic;
				DEVELOPMENT_TEAM = FQ44R4777H;
				INFOPLIST_FILE = MentorBook/Info.plist;
				LD_RUNPATH_SEARCH_PATHS = (
					"$(inherited)",
					"@executable_path/Frameworks",
				);
				PRODUCT_BUNDLE_IDENTIFIER = com.mikukasahara.MentorBook;
				PRODUCT_NAME = "$(TARGET_NAME)";
				SWIFT_VERSION = 5.0;
				TARGETED_DEVICE_FAMILY = "1,2";
			};
			name = Release;
		};
		59914EFB232BA803001B0420 /* Debug */ = {
			isa = XCBuildConfiguration;
			buildSettings = {
				ALWAYS_EMBED_SWIFT_STANDARD_LIBRARIES = YES;
				BUNDLE_LOADER = "$(TEST_HOST)";
				CODE_SIGN_STYLE = Automatic;
				DEVELOPMENT_TEAM = FQ44R4777H;
				INFOPLIST_FILE = MentorBookTests/Info.plist;
				LD_RUNPATH_SEARCH_PATHS = (
					"$(inherited)",
					"@executable_path/Frameworks",
					"@loader_path/Frameworks",
				);
				PRODUCT_BUNDLE_IDENTIFIER = com.mikukasahara.MentorBookTests;
				PRODUCT_NAME = "$(TARGET_NAME)";
				SWIFT_VERSION = 5.0;
				TARGETED_DEVICE_FAMILY = "1,2";
				TEST_HOST = "$(BUILT_PRODUCTS_DIR)/MentorBook.app/MentorBook";
			};
			name = Debug;
		};
		59914EFC232BA803001B0420 /* Release */ = {
			isa = XCBuildConfiguration;
			buildSettings = {
				ALWAYS_EMBED_SWIFT_STANDARD_LIBRARIES = YES;
				BUNDLE_LOADER = "$(TEST_HOST)";
				CODE_SIGN_STYLE = Automatic;
				DEVELOPMENT_TEAM = FQ44R4777H;
				INFOPLIST_FILE = MentorBookTests/Info.plist;
				LD_RUNPATH_SEARCH_PATHS = (
					"$(inherited)",
					"@executable_path/Frameworks",
					"@loader_path/Frameworks",
				);
				PRODUCT_BUNDLE_IDENTIFIER = com.mikukasahara.MentorBookTests;
				PRODUCT_NAME = "$(TARGET_NAME)";
				SWIFT_VERSION = 5.0;
				TARGETED_DEVICE_FAMILY = "1,2";
				TEST_HOST = "$(BUILT_PRODUCTS_DIR)/MentorBook.app/MentorBook";
			};
			name = Release;
		};
		59914EFE232BA803001B0420 /* Debug */ = {
			isa = XCBuildConfiguration;
			buildSettings = {
				ALWAYS_EMBED_SWIFT_STANDARD_LIBRARIES = YES;
				CODE_SIGN_STYLE = Automatic;
				DEVELOPMENT_TEAM = FQ44R4777H;
				INFOPLIST_FILE = MentorBookUITests/Info.plist;
				LD_RUNPATH_SEARCH_PATHS = (
					"$(inherited)",
					"@executable_path/Frameworks",
					"@loader_path/Frameworks",
				);
				PRODUCT_BUNDLE_IDENTIFIER = com.mikukasahara.MentorBookUITests;
				PRODUCT_NAME = "$(TARGET_NAME)";
				SWIFT_VERSION = 5.0;
				TARGETED_DEVICE_FAMILY = "1,2";
				TEST_TARGET_NAME = MentorBook;
			};
			name = Debug;
		};
		59914EFF232BA803001B0420 /* Release */ = {
			isa = XCBuildConfiguration;
			buildSettings = {
				ALWAYS_EMBED_SWIFT_STANDARD_LIBRARIES = YES;
				CODE_SIGN_STYLE = Automatic;
				DEVELOPMENT_TEAM = FQ44R4777H;
				INFOPLIST_FILE = MentorBookUITests/Info.plist;
				LD_RUNPATH_SEARCH_PATHS = (
					"$(inherited)",
					"@executable_path/Frameworks",
					"@loader_path/Frameworks",
				);
				PRODUCT_BUNDLE_IDENTIFIER = com.mikukasahara.MentorBookUITests;
				PRODUCT_NAME = "$(TARGET_NAME)";
				SWIFT_VERSION = 5.0;
				TARGETED_DEVICE_FAMILY = "1,2";
				TEST_TARGET_NAME = MentorBook;
			};
			name = Release;
		};
/* End XCBuildConfiguration section */

/* Begin XCConfigurationList section */
		59914ECA232BA802001B0420 /* Build configuration list for PBXProject "MentorBook" */ = {
			isa = XCConfigurationList;
			buildConfigurations = (
				59914EF5232BA803001B0420 /* Debug */,
				59914EF6232BA803001B0420 /* Release */,
			);
			defaultConfigurationIsVisible = 0;
			defaultConfigurationName = Release;
		};
		59914EF7232BA803001B0420 /* Build configuration list for PBXNativeTarget "MentorBook" */ = {
			isa = XCConfigurationList;
			buildConfigurations = (
				59914EF8232BA803001B0420 /* Debug */,
				59914EF9232BA803001B0420 /* Release */,
			);
			defaultConfigurationIsVisible = 0;
			defaultConfigurationName = Release;
		};
		59914EFA232BA803001B0420 /* Build configuration list for PBXNativeTarget "MentorBookTests" */ = {
			isa = XCConfigurationList;
			buildConfigurations = (
				59914EFB232BA803001B0420 /* Debug */,
				59914EFC232BA803001B0420 /* Release */,
			);
			defaultConfigurationIsVisible = 0;
			defaultConfigurationName = Release;
		};
		59914EFD232BA803001B0420 /* Build configuration list for PBXNativeTarget "MentorBookUITests" */ = {
			isa = XCConfigurationList;
			buildConfigurations = (
				59914EFE232BA803001B0420 /* Debug */,
				59914EFF232BA803001B0420 /* Release */,
			);
			defaultConfigurationIsVisible = 0;
			defaultConfigurationName = Release;
		};
/* End XCConfigurationList section */
	};
	rootObject = 59914EC7232BA802001B0420 /* Project object */;
}
